
Microsoft Visual Studio Solution File, Format Version 12.00
# Visual Studio Version 17
VisualStudioVersion = 17.6.33829.357
MinimumVisualStudioVersion = 10.0.40219.1
Project("{9A19103F-16F7-4668-BE54-9A1E7A4F7556}") = "Calc", "Calc.csproj", "{BB722C95-7FA8-4902-80FE-B83C7B183AED}"
EndProject
Global
	GlobalSection(SolutionConfigurationPlatforms) = preSolution
		Debug|Any CPU = Debug|Any CPU
		Release|Any CPU = Release|Any CPU
	EndGlobalSection
	GlobalSection(ProjectConfigurationPlatforms) = postSolution
		{BB722C95-7FA8-4902-80FE-B83C7B183AED}.Debug|Any CPU.ActiveCfg = Debug|Any CPU
		{BB722C95-7FA8-4902-80FE-B83C7B183AED}.Debug|Any CPU.Build.0 = Debug|Any CPU
		{BB722C95-7FA8-4902-80FE-B83C7B183AED}.Release|Any CPU.ActiveCfg = Release|Any CPU
		{BB722C95-7FA8-4902-80FE-B83C7B183AED}.Release|Any CPU.Build.0 = Release|Any CPU
	EndGlobalSection
	GlobalSection(SolutionProperties) = preSolution
		HideSolutionNode = FALSE
	EndGlobalSection
	GlobalSection(ExtensibilityGlobals) = postSolution
		SolutionGuid = {18DFA5A4-1FC7-4F38-9B31-C87E410CC29E}
	EndGlobalSection
EndGlobal
