
Microsoft Visual Studio Solution File, Format Version 12.00
# Visual Studio Version 17
VisualStudioVersion = 17.6.33829.357
MinimumVisualStudioVersion = 10.0.40219.1
Project("{FAE04EC0-301F-11D3-BF4B-00C04F79EFBC}") = "Dicom_viewer", "Dicom_viewer\Dicom_viewer.csproj", "{819E2102-3A4E-432C-A4FB-A57CD8846F51}"
EndProject
Global
	GlobalSection(SolutionConfigurationPlatforms) = preSolution
		Debug|Any CPU = Debug|Any CPU
		Release|Any CPU = Release|Any CPU
	EndGlobalSection
	GlobalSection(ProjectConfigurationPlatforms) = postSolution
		{819E2102-3A4E-432C-A4FB-A57CD8846F51}.Debug|Any CPU.ActiveCfg = Debug|Any CPU
		{819E2102-3A4E-432C-A4FB-A57CD8846F51}.Debug|Any CPU.Build.0 = Debug|Any CPU
		{819E2102-3A4E-432C-A4FB-A57CD8846F51}.Release|Any CPU.ActiveCfg = Release|Any CPU
		{819E2102-3A4E-432C-A4FB-A57CD8846F51}.Release|Any CPU.Build.0 = Release|Any CPU
	EndGlobalSection
	GlobalSection(SolutionProperties) = preSolution
		HideSolutionNode = FALSE
	EndGlobalSection
	GlobalSection(ExtensibilityGlobals) = postSolution
		SolutionGuid = {8DB2A3BE-6C2D-469B-B62C-F440F0B988EF}
	EndGlobalSection
EndGlobal
